
Microsoft Visual Studio Solution File, Format Version 12.00
# Visual Studio 15
VisualStudioVersion = 15.0.28307.1259
MinimumVisualStudioVersion = 10.0.40219.1
Project("{FAE04EC0-301F-11D3-BF4B-00C04F79EFBC}") = "ServiceRest_062_Annisa Dian Amarta", "ServiceRest_062_Annisa Dian Amarta\ServiceRest_062_Annisa Dian Amarta.csproj", "{5BF50A6F-D46A-4A4A-9BE1-CED4C004726E}"
EndProject
Global
	GlobalSection(SolutionConfigurationPlatforms) = preSolution
		Debug|Any CPU = Debug|Any CPU
		Release|Any CPU = Release|Any CPU
	EndGlobalSection
	GlobalSection(ProjectConfigurationPlatforms) = postSolution
		{5BF50A6F-D46A-4A4A-9BE1-CED4C004726E}.Debug|Any CPU.ActiveCfg = Debug|Any CPU
		{5BF50A6F-D46A-4A4A-9BE1-CED4C004726E}.Debug|Any CPU.Build.0 = Debug|Any CPU
		{5BF50A6F-D46A-4A4A-9BE1-CED4C004726E}.Release|Any CPU.ActiveCfg = Release|Any CPU
		{5BF50A6F-D46A-4A4A-9BE1-CED4C004726E}.Release|Any CPU.Build.0 = Release|Any CPU
	EndGlobalSection
	GlobalSection(SolutionProperties) = preSolution
		HideSolutionNode = FALSE
	EndGlobalSection
	GlobalSection(ExtensibilityGlobals) = postSolution
		SolutionGuid = {E3ACE392-28DC-451B-A9AA-599EF3FEB9E8}
	EndGlobalSection
EndGlobal
